{
  "version": 4,
  "terraform_version": "1.9.8",
  "serial": 22,
  "lineage": "f103ffae-83fe-e985-f992-53a37b3e3f67",
  "outputs": {},
  "resources": [
    {
      "mode": "managed",
      "type": "aws_subnet",
      "name": "private-subnet",
      "provider": "provider[\"registry.terraform.io/hashicorp/aws\"]",
      "instances": [
        {
          "schema_version": 1,
          "attributes": {
            "arn": "arn:aws:ec2:us-east-2:740155412766:subnet/subnet-0705959d743732715",
            "assign_ipv6_address_on_creation": false,
            "availability_zone": "us-east-2a",
            "availability_zone_id": "use2-az1",
            "cidr_block": "20.24.0.0/24",
            "customer_owned_ipv4_pool": "",
            "enable_dns64": false,
            "enable_lni_at_device_index": 0,
            "enable_resource_name_dns_a_record_on_launch": false,
            "enable_resource_name_dns_aaaa_record_on_launch": false,
            "id": "subnet-0705959d743732715",
            "ipv6_cidr_block": "",
            "ipv6_cidr_block_association_id": "",
            "ipv6_native": false,
            "map_customer_owned_ip_on_launch": false,
            "map_public_ip_on_launch": false,
            "outpost_arn": "",
            "owner_id": "740155412766",
            "private_dns_hostname_type_on_launch": "ip-name",
            "tags": {
              "CreateDate": "2024-10-22",
              "CreatedBy": "Terraform",
              "Name": "private-subnet"
            },
            "tags_all": {
              "CreateDate": "2024-10-22",
              "CreatedBy": "Terraform",
              "Name": "private-subnet"
            },
            "timeouts": null,
            "vpc_id": "vpc-049d05fec670a1856"
          },
          "sensitive_attributes": [],
          "private": "eyJlMmJmYjczMC1lY2FhLTExZTYtOGY4OC0zNDM2M2JjN2M0YzAiOnsiY3JlYXRlIjo2MDAwMDAwMDAwMDAsImRlbGV0ZSI6MTIwMDAwMDAwMDAwMH0sInNjaGVtYV92ZXJzaW9uIjoiMSJ9",
          "dependencies": [
            "aws_vpc.main-vpc"
          ]
        }
      ]
    },
    {
      "mode": "managed",
      "type": "aws_subnet",
      "name": "public-subnet",
      "provider": "provider[\"registry.terraform.io/hashicorp/aws\"]",
      "instances": [
        {
          "schema_version": 1,
          "attributes": {
            "arn": "arn:aws:ec2:us-east-2:740155412766:subnet/subnet-02cd8b03012764a26",
            "assign_ipv6_address_on_creation": false,
            "availability_zone": "us-east-2a",
            "availability_zone_id": "use2-az1",
            "cidr_block": "20.24.1.0/24",
            "customer_owned_ipv4_pool": "",
            "enable_dns64": false,
            "enable_lni_at_device_index": 0,
            "enable_resource_name_dns_a_record_on_launch": false,
            "enable_resource_name_dns_aaaa_record_on_launch": false,
            "id": "subnet-02cd8b03012764a26",
            "ipv6_cidr_block": "",
            "ipv6_cidr_block_association_id": "",
            "ipv6_native": false,
            "map_customer_owned_ip_on_launch": false,
            "map_public_ip_on_launch": true,
            "outpost_arn": "",
            "owner_id": "740155412766",
            "private_dns_hostname_type_on_launch": "ip-name",
            "tags": {
              "CreateDate": "2024-10-22",
              "CreatedBy": "Terraform",
              "Name": "public-subnet"
            },
            "tags_all": {
              "CreateDate": "2024-10-22",
              "CreatedBy": "Terraform",
              "Name": "public-subnet"
            },
            "timeouts": null,
            "vpc_id": "vpc-049d05fec670a1856"
          },
          "sensitive_attributes": [],
          "private": "eyJlMmJmYjczMC1lY2FhLTExZTYtOGY4OC0zNDM2M2JjN2M0YzAiOnsiY3JlYXRlIjo2MDAwMDAwMDAwMDAsImRlbGV0ZSI6MTIwMDAwMDAwMDAwMH0sInNjaGVtYV92ZXJzaW9uIjoiMSJ9",
          "dependencies": [
            "aws_vpc.main-vpc"
          ]
        }
      ]
    },
    {
      "mode": "managed",
      "type": "aws_vpc",
      "name": "main-vpc",
      "provider": "provider[\"registry.terraform.io/hashicorp/aws\"]",
      "instances": [
        {
          "schema_version": 1,
          "attributes": {
            "arn": "arn:aws:ec2:us-east-2:740155412766:vpc/vpc-049d05fec670a1856",
            "assign_generated_ipv6_cidr_block": false,
            "cidr_block": "20.24.0.0/16",
            "default_network_acl_id": "acl-0395b99ca212eae59",
            "default_route_table_id": "rtb-02fa024052089feb2",
            "default_security_group_id": "sg-0e6881b9e29c01cf2",
            "dhcp_options_id": "dopt-09201dcd4a73a0cf3",
            "enable_dns_hostnames": false,
            "enable_dns_support": true,
            "enable_network_address_usage_metrics": false,
            "id": "vpc-049d05fec670a1856",
            "instance_tenancy": "default",
            "ipv4_ipam_pool_id": null,
            "ipv4_netmask_length": null,
            "ipv6_association_id": "",
            "ipv6_cidr_block": "",
            "ipv6_cidr_block_network_border_group": "",
            "ipv6_ipam_pool_id": "",
            "ipv6_netmask_length": 0,
            "main_route_table_id": "rtb-02fa024052089feb2",
            "owner_id": "740155412766",
            "tags": {
              "CreateDate": "2024-10-22",
              "CreatedBy": "Terraform",
              "Name": "main-vpc"
            },
            "tags_all": {
              "CreateDate": "2024-10-22",
              "CreatedBy": "Terraform",
              "Name": "main-vpc"
            }
          },
          "sensitive_attributes": [],
          "private": "eyJzY2hlbWFfdmVyc2lvbiI6IjEifQ=="
        }
      ]
    }
  ],
  "check_results": null
}
